// !$*UTF8*$!
{
	archiveVersion = 1;
	classes = {
	};
	objectVersion = 50;
	objects = {

/* Begin PBXBuildFile section */
		DFADBE1F24ADB59F006FBF2A /* SoftAlert.framework in Frameworks */ = {isa = PBXBuildFile; fileRef = DFADBE1E24ADB59F006FBF2A /* SoftAlert.framework */; };
		DFADBE2024ADB59F006FBF2A /* SoftAlert.framework in Embed Frameworks */ = {isa = PBXBuildFile; fileRef = DFADBE1E24ADB59F006FBF2A /* SoftAlert.framework */; settings = {ATTRIBUTES = (CodeSignOnCopy, RemoveHeadersOnCopy, ); }; };
		DFCD234C24A9CF4500FF21A6 /* AppDelegate.swift in Sources */ = {isa = PBXBuildFile; fileRef = DFCD234B24A9CF4500FF21A6 /* AppDelegate.swift */; };
		DFCD234E24A9CF4500FF21A6 /* SceneDelegate.swift in Sources */ = {isa = PBXBuildFile; fileRef = DFCD234D24A9CF4500FF21A6 /* SceneDelegate.swift */; };
		DFCD235024A9CF4500FF21A6 /* ViewController.swift in Sources */ = {isa = PBXBuildFile; fileRef = DFCD234F24A9CF4500FF21A6 /* ViewController.swift */; };
		DFCD235324A9CF4500FF21A6 /* Main.storyboard in Resources */ = {isa = PBXBuildFile; fileRef = DFCD235124A9CF4500FF21A6 /* Main.storyboard */; };
		DFCD235524A9CF4700FF21A6 /* Assets.xcassets in Resources */ = {isa = PBXBuildFile; fileRef = DFCD235424A9CF4700FF21A6 /* Assets.xcassets */; };
		DFCD235824A9CF4700FF21A6 /* LaunchScreen.storyboard in Resources */ = {isa = PBXBuildFile; fileRef = DFCD235624A9CF4700FF21A6 /* LaunchScreen.storyboard */; };
/* End PBXBuildFile section */

/* Begin PBXCopyFilesBuildPhase section */
		DFADBE2124ADB59F006FBF2A /* Embed Frameworks */ = {
			isa = PBXCopyFilesBuildPhase;
			buildActionMask = 2147483647;
			dstPath = "";
			dstSubfolderSpec = 10;
			files = (
				DFADBE2024ADB59F006FBF2A /* SoftAlert.framework in Embed Frameworks */,
			);
			name = "Embed Frameworks";
			runOnlyForDeploymentPostprocessing = 0;
		};
/* End PBXCopyFilesBuildPhase section */

/* Begin PBXFileReference section */
		DFADBE1E24ADB59F006FBF2A /* SoftAlert.framework */ = {isa = PBXFileReference; explicitFileType = wrapper.framework; path = SoftAlert.framework; sourceTree = BUILT_PRODUCTS_DIR; };
		DFCD234824A9CF4500FF21A6 /* SoftAlertDemo.app */ = {isa = PBXFileReference; explicitFileType = wrapper.application; includeInIndex = 0; path = SoftAlertDemo.app; sourceTree = BUILT_PRODUCTS_DIR; };
		DFCD234B24A9CF4500FF21A6 /* AppDelegate.swift */ = {isa = PBXFileReference; lastKnownFileType = sourcecode.swift; path = AppDelegate.swift; sourceTree = "<group>"; };
		DFCD234D24A9CF4500FF21A6 /* SceneDelegate.swift */ = {isa = PBXFileReference; lastKnownFileType = sourcecode.swift; path = SceneDelegate.swift; sourceTree = "<group>"; };
		DFCD234F24A9CF4500FF21A6 /* ViewController.swift */ = {isa = PBXFileReference; lastKnownFileType = sourcecode.swift; path = ViewController.swift; sourceTree = "<group>"; };
		DFCD235224A9CF4500FF21A6 /* Base */ = {isa = PBXFileReference; lastKnownFileType = file.storyboard; name = Base; path = Base.lproj/Main.storyboard; sourceTree = "<group>"; };
		DFCD235424A9CF4700FF21A6 /* Assets.xcassets */ = {isa = PBXFileReference; lastKnownFileType = folder.assetcatalog; path = Assets.xcassets; sourceTree = "<group>"; };
		DFCD235724A9CF4700FF21A6 /* Base */ = {isa = PBXFileReference; lastKnownFileType = file.storyboard; name = Base; path = Base.lproj/LaunchScreen.storyboard; sourceTree = "<group>"; };
		DFCD235924A9CF4700FF21A6 /* Info.plist */ = {isa = PBXFileReference; lastKnownFileType = text.plist.xml; path = Info.plist; sourceTree = "<group>"; };
/* End PBXFileReference section */

/* Begin PBXFrameworksBuildPhase section */
		DFCD234524A9CF4500FF21A6 /* Frameworks */ = {
			isa = PBXFrameworksBuildPhase;
			buildActionMask = 2147483647;
			files = (
				DFADBE1F24ADB59F006FBF2A /* SoftAlert.framework in Frameworks */,
			);
			runOnlyForDeploymentPostprocessing = 0;
		};
/* End PBXFrameworksBuildPhase section */

/* Begin PBXGroup section */
		DFADBE1D24ADB59F006FBF2A /* Frameworks */ = {
			isa = PBXGroup;
			children = (
				DFADBE1E24ADB59F006FBF2A /* SoftAlert.framework */,
			);
			name = Frameworks;
			sourceTree = "<group>";
		};
		DFCD233F24A9CF4500FF21A6 = {
			isa = PBXGroup;
			children = (
				DFCD234A24A9CF4500FF21A6 /* SoftAlertDemo */,
				DFCD234924A9CF4500FF21A6 /* Products */,
				DFADBE1D24ADB59F006FBF2A /* Frameworks */,
			);
			sourceTree = "<group>";
		};
		DFCD234924A9CF4500FF21A6 /* Products */ = {
			isa = PBXGroup;
			children = (
				DFCD234824A9CF4500FF21A6 /* SoftAlertDemo.app */,
			);
			name = Products;
			sourceTree = "<group>";
		};
		DFCD234A24A9CF4500FF21A6 /* SoftAlertDemo */ = {
			isa = PBXGroup;
			children = (
				DFCD234B24A9CF4500FF21A6 /* AppDelegate.swift */,
				DFCD234D24A9CF4500FF21A6 /* SceneDelegate.swift */,
				DFCD234F24A9CF4500FF21A6 /* ViewController.swift */,
				DFCD235124A9CF4500FF21A6 /* Main.storyboard */,
				DFCD235424A9CF4700FF21A6 /* Assets.xcassets */,
				DFCD235624A9CF4700FF21A6 /* LaunchScreen.storyboard */,
				DFCD235924A9CF4700FF21A6 /* Info.plist */,
			);
			path = SoftAlertDemo;
			sourceTree = "<group>";
		};
/* End PBXGroup section */

/* Begin PBXNativeTarget section */
		DFCD234724A9CF4500FF21A6 /* SoftAlertDemo */ = {
			isa = PBXNativeTarget;
			buildConfigurationList = DFCD235C24A9CF4700FF21A6 /* Build configuration list for PBXNativeTarget "SoftAlertDemo" */;
			buildPhases = (
				DFCD234424A9CF4500FF21A6 /* Sources */,
				DFCD234524A9CF4500FF21A6 /* Frameworks */,
				DFCD234624A9CF4500FF21A6 /* Resources */,
				DFADBE2124ADB59F006FBF2A /* Embed Frameworks */,
			);
			buildRules = (
			);
			dependencies = (
			);
			name = SoftAlertDemo;
			productName = SoftAlertDemo;
			productReference = DFCD234824A9CF4500FF21A6 /* SoftAlertDemo.app */;
			productType = "com.apple.product-type.application";
		};
/* End PBXNativeTarget section */

/* Begin PBXProject section */
		DFCD234024A9CF4500FF21A6 /* Project object */ = {
			isa = PBXProject;
			attributes = {
				LastSwiftUpdateCheck = 1150;
				LastUpgradeCheck = 1150;
				ORGANIZATIONNAME = dvkyun;
				TargetAttributes = {
					DFCD234724A9CF4500FF21A6 = {
						CreatedOnToolsVersion = 11.5;
					};
				};
			};
			buildConfigurationList = DFCD234324A9CF4500FF21A6 /* Build configuration list for PBXProject "SoftAlertDemo" */;
			compatibilityVersion = "Xcode 9.3";
			developmentRegion = en;
			hasScannedForEncodings = 0;
			knownRegions = (
				en,
				Base,
			);
			mainGroup = DFCD233F24A9CF4500FF21A6;
			productRefGroup = DFCD234924A9CF4500FF21A6 /* Products */;
			projectDirPath = "";
			projectRoot = "";
			targets = (
				DFCD234724A9CF4500FF21A6 /* SoftAlertDemo */,
			);
		};
/* End PBXProject section */

/* Begin PBXResourcesBuildPhase section */
		DFCD234624A9CF4500FF21A6 /* Resources */ = {
			isa = PBXResourcesBuildPhase;
			buildActionMask = 2147483647;
			files = (
				DFCD235824A9CF4700FF21A6 /* LaunchScreen.storyboard in Resources */,
				DFCD235524A9CF4700FF21A6 /* Assets.xcassets in Resources */,
				DFCD235324A9CF4500FF21A6 /* Main.storyboard in Resources */,
			);
			runOnlyForDeploymentPostprocessing = 0;
		};
/* End PBXResourcesBuildPhase section */

/* Begin PBXSourcesBuildPhase section */
		DFCD234424A9CF4500FF21A6 /* Sources */ = {
			isa = PBXSourcesBuildPhase;
			buildActionMask = 2147483647;
			files = (
				DFCD235024A9CF4500FF21A6 /* ViewController.swift in Sources */,
				DFCD234C24A9CF4500FF21A6 /* AppDelegate.swift in Sources */,
				DFCD234E24A9CF4500FF21A6 /* SceneDelegate.swift in Sources */,
			);
			runOnlyForDeploymentPostprocessing = 0;
		};
/* End PBXSourcesBuildPhase section */

/* Begin PBXVariantGroup section */
		DFCD235124A9CF4500FF21A6 /* Main.storyboard */ = {
			isa = PBXVariantGroup;
			children = (
				DFCD235224A9CF4500FF21A6 /* Base */,
			);
			name = Main.storyboard;
			sourceTree = "<group>";
		};
		DFCD235624A9CF4700FF21A6 /* LaunchScreen.storyboard */ = {
			isa = PBXVariantGroup;
			children = (
				DFCD235724A9CF4700FF21A6 /* Base */,
			);
			name = LaunchScreen.storyboard;
			sourceTree = "<group>";
		};
/* End PBXVariantGroup section */

/* Begin XCBuildConfiguration section */
		DFCD235A24A9CF4700FF21A6 /* Debug */ = {
			isa = XCBuildConfiguration;
			buildSettings = {
				ALWAYS_SEARCH_USER_PATHS = NO;
				CLANG_ANALYZER_NONNULL = YES;
				CLANG_ANALYZER_NUMBER_OBJECT_CONVERSION = YES_AGGRESSIVE;
				CLANG_CXX_LANGUAGE_STANDARD = "gnu++14";
				CLANG_CXX_LIBRARY = "libc++";
				CLANG_ENABLE_MODULES = YES;
				CLANG_ENABLE_OBJC_ARC = YES;
				CLANG_ENABLE_OBJC_WEAK = YES;
				CLANG_WARN_BLOCK_CAPTURE_AUTORELEASING = YES;
				CLANG_WARN_BOOL_CONVERSION = YES;
				CLANG_WARN_COMMA = YES;
				CLANG_WARN_CONSTANT_CONVERSION = YES;
				CLANG_WARN_DEPRECATED_OBJC_IMPLEMENTATIONS = YES;
				CLANG_WARN_DIRECT_OBJC_ISA_USAGE = YES_ERROR;
				CLANG_WARN_DOCUMENTATION_COMMENTS = YES;
				CLANG_WARN_EMPTY_BODY = YES;
				CLANG_WARN_ENUM_CONVERSION = YES;
				CLANG_WARN_INFINITE_RECURSION = YES;
				CLANG_WARN_INT_CONVERSION = YES;
				CLANG_WARN_NON_LITERAL_NULL_CONVERSION = YES;
				CLANG_WARN_OBJC_IMPLICIT_RETAIN_SELF = YES;
				CLANG_WARN_OBJC_LITERAL_CONVERSION = YES;
				CLANG_WARN_OBJC_ROOT_CLASS = YES_ERROR;
				CLANG_WARN_RANGE_LOOP_ANALYSIS = YES;
				CLANG_WARN_STRICT_PROTOTYPES = YES;
				CLANG_WARN_SUSPICIOUS_MOVE = YES;
				CLANG_WARN_UNGUARDED_AVAILABILITY = YES_AGGRESSIVE;
				CLANG_WARN_UNREACHABLE_CODE = YES;
				CLANG_WARN__DUPLICATE_METHOD_MATCH = YES;
				COPY_PHASE_STRIP = NO;
				DEBUG_INFORMATION_FORMAT = dwarf;
				ENABLE_STRICT_OBJC_MSGSEND = YES;
				ENABLE_TESTABILITY = YES;
				GCC_C_LANGUAGE_STANDARD = gnu11;
				GCC_DYNAMIC_NO_PIC = NO;
				GCC_NO_COMMON_BLOCKS = YES;
				GCC_OPTIMIZATION_LEVEL = 0;
				GCC_PREPROCESSOR_DEFINITIONS = (
					"DEBUG=1",
					"$(inherited)",
				);
				GCC_WARN_64_TO_32_BIT_CONVERSION = YES;
				GCC_WARN_ABOUT_RETURN_TYPE = YES_ERROR;
				GCC_WARN_UNDECLARED_SELECTOR = YES;
				GCC_WARN_UNINITIALIZED_AUTOS = YES_AGGRESSIVE;
				GCC_WARN_UNUSED_FUNCTION = YES;
				GCC_WARN_UNUSED_VARIABLE = YES;
				IPHONEOS_DEPLOYMENT_TARGET = 13.5;
				MTL_ENABLE_DEBUG_INFO = INCLUDE_SOURCE;
				MTL_FAST_MATH = YES;
				ONLY_ACTIVE_ARCH = YES;
				SDKROOT = iphoneos;
				SWIFT_ACTIVE_COMPILATION_CONDITIONS = DEBUG;
				SWIFT_OPTIMIZATION_LEVEL = "-Onone";
			};
			name = Debug;
		};
		DFCD235B24A9CF4700FF21A6 /* Release */ = {
			isa = XCBuildConfiguration;
			buildSettings = {
				ALWAYS_SEARCH_USER_PATHS = NO;
				CLANG_ANALYZER_NONNULL = YES;
				CLANG_ANALYZER_NUMBER_OBJECT_CONVERSION = YES_AGGRESSIVE;
				CLANG_CXX_LANGUAGE_STANDARD = "gnu++14";
				CLANG_CXX_LIBRARY = "libc++";
				CLANG_ENABLE_MODULES = YES;
				CLANG_ENABLE_OBJC_ARC = YES;
				CLANG_ENABLE_OBJC_WEAK = YES;
				CLANG_WARN_BLOCK_CAPTURE_AUTORELEASING = YES;
				CLANG_WARN_BOOL_CONVERSION = YES;
				CLANG_WARN_COMMA = YES;
				CLANG_WARN_CONSTANT_CONVERSION = YES;
				CLANG_WARN_DEPRECATED_OBJC_IMPLEMENTATIONS = YES;
				CLANG_WARN_DIRECT_OBJC_ISA_USAGE = YES_ERROR;
				CLANG_WARN_DOCUMENTATION_COMMENTS = YES;
				CLANG_WARN_EMPTY_BODY = YES;
				CLANG_WARN_ENUM_CONVERSION = YES;
				CLANG_WARN_INFINITE_RECURSION = YES;
				CLANG_WARN_INT_CONVERSION = YES;
				CLANG_WARN_NON_LITERAL_NULL_CONVERSION = YES;
				CLANG_WARN_OBJC_IMPLICIT_RETAIN_SELF = YES;
				CLANG_WARN_OBJC_LITERAL_CONVERSION = YES;
				CLANG_WARN_OBJC_ROOT_CLASS = YES_ERROR;
				CLANG_WARN_RANGE_LOOP_ANALYSIS = YES;
				CLANG_WARN_STRICT_PROTOTYPES = YES;
				CLANG_WARN_SUSPICIOUS_MOVE = YES;
				CLANG_WARN_UNGUARDED_AVAILABILITY = YES_AGGRESSIVE;
				CLANG_WARN_UNREACHABLE_CODE = YES;
				CLANG_WARN__DUPLICATE_METHOD_MATCH = YES;
				COPY_PHASE_STRIP = NO;
				DEBUG_INFORMATION_FORMAT = "dwarf-with-dsym";
				ENABLE_NS_ASSERTIONS = NO;
				ENABLE_STRICT_OBJC_MSGSEND = YES;
				GCC_C_LANGUAGE_STANDARD = gnu11;
				GCC_NO_COMMON_BLOCKS = YES;
				GCC_WARN_64_TO_32_BIT_CONVERSION = YES;
				GCC_WARN_ABOUT_RETURN_TYPE = YES_ERROR;
				GCC_WARN_UNDECLARED_SELECTOR = YES;
				GCC_WARN_UNINITIALIZED_AUTOS = YES_AGGRESSIVE;
				GCC_WARN_UNUSED_FUNCTION = YES;
				GCC_WARN_UNUSED_VARIABLE = YES;
				IPHONEOS_DEPLOYMENT_TARGET = 13.5;
				MTL_ENABLE_DEBUG_INFO = NO;
				MTL_FAST_MATH = YES;
				SDKROOT = iphoneos;
				SWIFT_COMPILATION_MODE = wholemodule;
				SWIFT_OPTIMIZATION_LEVEL = "-O";
				VALIDATE_PRODUCT = YES;
			};
			name = Release;
		};
		DFCD235D24A9CF4700FF21A6 /* Debug */ = {
			isa = XCBuildConfiguration;
			buildSettings = {
				ASSETCATALOG_COMPILER_APPICON_NAME = AppIcon;
				CODE_SIGN_STYLE = Automatic;
				DEVELOPMENT_TEAM = 7V78M894K4;
				INFOPLIST_FILE = SoftAlertDemo/Info.plist;
				IPHONEOS_DEPLOYMENT_TARGET = 11.0;
				LD_RUNPATH_SEARCH_PATHS = (
					"$(inherited)",
					"@executable_path/Frameworks",
				);
				PRODUCT_BUNDLE_IDENTIFIER = app.dvkyun.SoftAlertDemo;
				PRODUCT_NAME = "$(TARGET_NAME)";
				SWIFT_VERSION = 5.0;
				TARGETED_DEVICE_FAMILY = "1,2";
			};
			name = Debug;
		};
		DFCD235E24A9CF4700FF21A6 /* Release */ = {
			isa = XCBuildConfiguration;
			buildSettings = {
				ASSETCATALOG_COMPILER_APPICON_NAME = AppIcon;
				CODE_SIGN_STYLE = Automatic;
				DEVELOPMENT_TEAM = 7V78M894K4;
				INFOPLIST_FILE = SoftAlertDemo/Info.plist;
				IPHONEOS_DEPLOYMENT_TARGET = 11.0;
				LD_RUNPATH_SEARCH_PATHS = (
					"$(inherited)",
					"@executable_path/Frameworks",
				);
				PRODUCT_BUNDLE_IDENTIFIER = app.dvkyun.SoftAlertDemo;
				PRODUCT_NAME = "$(TARGET_NAME)";
				SWIFT_VERSION = 5.0;
				TARGETED_DEVICE_FAMILY = "1,2";
			};
			name = Release;
		};
/* End XCBuildConfiguration section */

/* Begin XCConfigurationList section */
		DFCD234324A9CF4500FF21A6 /* Build configuration list for PBXProject "SoftAlertDemo" */ = {
			isa = XCConfigurationList;
			buildConfigurations = (
				DFCD235A24A9CF4700FF21A6 /* Debug */,
				DFCD235B24A9CF4700FF21A6 /* Release */,
			);
			defaultConfigurationIsVisible = 0;
			defaultConfigurationName = Release;
		};
		DFCD235C24A9CF4700FF21A6 /* Build configuration list for PBXNativeTarget "SoftAlertDemo" */ = {
			isa = XCConfigurationList;
			buildConfigurations = (
				DFCD235D24A9CF4700FF21A6 /* Debug */,
				DFCD235E24A9CF4700FF21A6 /* Release */,
			);
			defaultConfigurationIsVisible = 0;
			defaultConfigurationName = Release;
		};
/* End XCConfigurationList section */
	};
	rootObject = DFCD234024A9CF4500FF21A6 /* Project object */;
}
